
Microsoft Visual Studio Solution File, Format Version 12.00
# Visual Studio Version 17
VisualStudioVersion = 17.11.35327.3
MinimumVisualStudioVersion = 10.0.40219.1
Project("{FAE04EC0-301F-11D3-BF4B-00C04F79EFBC}") = "BookStoreApp", "BookStoreApp\BookStoreApp.csproj", "{768AA78B-C561-44C8-BD8C-1666B282AD15}"
EndProject
Global
	GlobalSection(SolutionConfigurationPlatforms) = preSolution
		Debug|Any CPU = Debug|Any CPU
		Release|Any CPU = Release|Any CPU
	EndGlobalSection
	GlobalSection(ProjectConfigurationPlatforms) = postSolution
		{768AA78B-C561-44C8-BD8C-1666B282AD15}.Debug|Any CPU.ActiveCfg = Debug|Any CPU
		{768AA78B-C561-44C8-BD8C-1666B282AD15}.Debug|Any CPU.Build.0 = Debug|Any CPU
		{768AA78B-C561-44C8-BD8C-1666B282AD15}.Release|Any CPU.ActiveCfg = Release|Any CPU
		{768AA78B-C561-44C8-BD8C-1666B282AD15}.Release|Any CPU.Build.0 = Release|Any CPU
	EndGlobalSection
	GlobalSection(SolutionProperties) = preSolution
		HideSolutionNode = FALSE
	EndGlobalSection
	GlobalSection(ExtensibilityGlobals) = postSolution
		SolutionGuid = {B944FAD0-B55D-4796-9E75-7EEB5DB43A15}
	EndGlobalSection
EndGlobal
